// !$*UTF8*$!
{
	archiveVersion = 1;
	classes = {
	};
	objectVersion = 50;
	objects = {

/* Begin PBXBuildFile section */
		8E6B139EACEFC9DE4B08F941 /* libPods-HTTPDownload.a in Frameworks */ = {isa = PBXBuildFile; fileRef = 02B5CC1ECB17262C5892B324 /* libPods-HTTPDownload.a */; };
		9374CEA6210F0F93004C6C9B /* DownloadTableViewCell.m in Sources */ = {isa = PBXBuildFile; fileRef = 9374CEA5210F0F93004C6C9B /* DownloadTableViewCell.m */; };
		9374CEAA210F9E34004C6C9B /* DownloadManagerModel.m in Sources */ = {isa = PBXBuildFile; fileRef = 9374CEA9210F9E34004C6C9B /* DownloadManagerModel.m */; };
		9374CEAD210F9F6C004C6C9B /* DownloadObjectModel.m in Sources */ = {isa = PBXBuildFile; fileRef = 9374CEAC210F9F6C004C6C9B /* DownloadObjectModel.m */; };
		93AB26652110426000CE3D5A /* DownloadTableView.m in Sources */ = {isa = PBXBuildFile; fileRef = 93AB26642110426000CE3D5A /* DownloadTableView.m */; };
		93AB26682110438000CE3D5A /* DownloadTableViewObject.m in Sources */ = {isa = PBXBuildFile; fileRef = 93AB26672110438000CE3D5A /* DownloadTableViewObject.m */; };
		93AB266E2110680D00CE3D5A /* DownloadInputView.m in Sources */ = {isa = PBXBuildFile; fileRef = 93AB266D2110680D00CE3D5A /* DownloadInputView.m */; };
		93AB26722110D69800CE3D5A /* Main.storyboard in Resources */ = {isa = PBXBuildFile; fileRef = 93AB26712110D69800CE3D5A /* Main.storyboard */; };
		93AB2675211150B100CE3D5A /* InformationTableViewCell.m in Sources */ = {isa = PBXBuildFile; fileRef = 93AB2674211150B100CE3D5A /* InformationTableViewCell.m */; };
		93AB2678211155A000CE3D5A /* TableViewModel.m in Sources */ = {isa = PBXBuildFile; fileRef = 93AB2677211155A000CE3D5A /* TableViewModel.m */; };
		93AB267B2111563F00CE3D5A /* CellObjectModel.m in Sources */ = {isa = PBXBuildFile; fileRef = 93AB267A2111563F00CE3D5A /* CellObjectModel.m */; };
		93DEB8EA210EF92900CFA398 /* AppDelegate.m in Sources */ = {isa = PBXBuildFile; fileRef = 93DEB8E9210EF92900CFA398 /* AppDelegate.m */; };
		93DEB8ED210EF92900CFA398 /* ViewController.m in Sources */ = {isa = PBXBuildFile; fileRef = 93DEB8EC210EF92900CFA398 /* ViewController.m */; };
		93DEB8F2210EF92D00CFA398 /* Assets.xcassets in Resources */ = {isa = PBXBuildFile; fileRef = 93DEB8F1210EF92D00CFA398 /* Assets.xcassets */; };
		93DEB8F5210EF92D00CFA398 /* LaunchScreen.storyboard in Resources */ = {isa = PBXBuildFile; fileRef = 93DEB8F3210EF92D00CFA398 /* LaunchScreen.storyboard */; };
		93DEB8F8210EF92D00CFA398 /* main.m in Sources */ = {isa = PBXBuildFile; fileRef = 93DEB8F7210EF92D00CFA398 /* main.m */; };
/* End PBXBuildFile section */

/* Begin PBXFileReference section */
		02B5CC1ECB17262C5892B324 /* libPods-HTTPDownload.a */ = {isa = PBXFileReference; explicitFileType = archive.ar; includeInIndex = 0; path = "libPods-HTTPDownload.a"; sourceTree = BUILT_PRODUCTS_DIR; };
		06135C299DFEDA535AA45CE9 /* Pods-HTTPDownload.release.xcconfig */ = {isa = PBXFileReference; includeInIndex = 1; lastKnownFileType = text.xcconfig; name = "Pods-HTTPDownload.release.xcconfig"; path = "Pods/Target Support Files/Pods-HTTPDownload/Pods-HTTPDownload.release.xcconfig"; sourceTree = "<group>"; };
		9374CEA4210F0F93004C6C9B /* DownloadTableViewCell.h */ = {isa = PBXFileReference; lastKnownFileType = sourcecode.c.h; path = DownloadTableViewCell.h; sourceTree = "<group>"; };
		9374CEA5210F0F93004C6C9B /* DownloadTableViewCell.m */ = {isa = PBXFileReference; lastKnownFileType = sourcecode.c.objc; path = DownloadTableViewCell.m; sourceTree = "<group>"; };
		9374CEA8210F9E34004C6C9B /* DownloadManagerModel.h */ = {isa = PBXFileReference; lastKnownFileType = sourcecode.c.h; path = DownloadManagerModel.h; sourceTree = "<group>"; };
		9374CEA9210F9E34004C6C9B /* DownloadManagerModel.m */ = {isa = PBXFileReference; lastKnownFileType = sourcecode.c.objc; path = DownloadManagerModel.m; sourceTree = "<group>"; };
		9374CEAB210F9F6C004C6C9B /* DownloadObjectModel.h */ = {isa = PBXFileReference; lastKnownFileType = sourcecode.c.h; path = DownloadObjectModel.h; sourceTree = "<group>"; };
		9374CEAC210F9F6C004C6C9B /* DownloadObjectModel.m */ = {isa = PBXFileReference; lastKnownFileType = sourcecode.c.objc; path = DownloadObjectModel.m; sourceTree = "<group>"; };
		93AB26632110426000CE3D5A /* DownloadTableView.h */ = {isa = PBXFileReference; lastKnownFileType = sourcecode.c.h; path = DownloadTableView.h; sourceTree = "<group>"; };
		93AB26642110426000CE3D5A /* DownloadTableView.m */ = {isa = PBXFileReference; lastKnownFileType = sourcecode.c.objc; path = DownloadTableView.m; sourceTree = "<group>"; };
		93AB26662110438000CE3D5A /* DownloadTableViewObject.h */ = {isa = PBXFileReference; lastKnownFileType = sourcecode.c.h; path = DownloadTableViewObject.h; sourceTree = "<group>"; };
		93AB26672110438000CE3D5A /* DownloadTableViewObject.m */ = {isa = PBXFileReference; lastKnownFileType = sourcecode.c.objc; path = DownloadTableViewObject.m; sourceTree = "<group>"; };
		93AB266C2110680D00CE3D5A /* DownloadInputView.h */ = {isa = PBXFileReference; lastKnownFileType = sourcecode.c.h; path = DownloadInputView.h; sourceTree = "<group>"; };
		93AB266D2110680D00CE3D5A /* DownloadInputView.m */ = {isa = PBXFileReference; lastKnownFileType = sourcecode.c.objc; path = DownloadInputView.m; sourceTree = "<group>"; };
		93AB26712110D69800CE3D5A /* Main.storyboard */ = {isa = PBXFileReference; lastKnownFileType = file.storyboard; path = Main.storyboard; sourceTree = "<group>"; };
		93AB2673211150B100CE3D5A /* InformationTableViewCell.h */ = {isa = PBXFileReference; lastKnownFileType = sourcecode.c.h; path = InformationTableViewCell.h; sourceTree = "<group>"; };
		93AB2674211150B100CE3D5A /* InformationTableViewCell.m */ = {isa = PBXFileReference; lastKnownFileType = sourcecode.c.objc; path = InformationTableViewCell.m; sourceTree = "<group>"; };
		93AB2676211155A000CE3D5A /* TableViewModel.h */ = {isa = PBXFileReference; lastKnownFileType = sourcecode.c.h; path = TableViewModel.h; sourceTree = "<group>"; };
		93AB2677211155A000CE3D5A /* TableViewModel.m */ = {isa = PBXFileReference; lastKnownFileType = sourcecode.c.objc; path = TableViewModel.m; sourceTree = "<group>"; };
		93AB26792111563F00CE3D5A /* CellObjectModel.h */ = {isa = PBXFileReference; lastKnownFileType = sourcecode.c.h; path = CellObjectModel.h; sourceTree = "<group>"; };
		93AB267A2111563F00CE3D5A /* CellObjectModel.m */ = {isa = PBXFileReference; lastKnownFileType = sourcecode.c.objc; path = CellObjectModel.m; sourceTree = "<group>"; };
		93DEB8E5210EF92900CFA398 /* HTTPDownload.app */ = {isa = PBXFileReference; explicitFileType = wrapper.application; includeInIndex = 0; path = HTTPDownload.app; sourceTree = BUILT_PRODUCTS_DIR; };
		93DEB8E8210EF92900CFA398 /* AppDelegate.h */ = {isa = PBXFileReference; lastKnownFileType = sourcecode.c.h; path = AppDelegate.h; sourceTree = "<group>"; };
		93DEB8E9210EF92900CFA398 /* AppDelegate.m */ = {isa = PBXFileReference; lastKnownFileType = sourcecode.c.objc; path = AppDelegate.m; sourceTree = "<group>"; };
		93DEB8EB210EF92900CFA398 /* ViewController.h */ = {isa = PBXFileReference; lastKnownFileType = sourcecode.c.h; path = ViewController.h; sourceTree = "<group>"; };
		93DEB8EC210EF92900CFA398 /* ViewController.m */ = {isa = PBXFileReference; lastKnownFileType = sourcecode.c.objc; path = ViewController.m; sourceTree = "<group>"; };
		93DEB8F1210EF92D00CFA398 /* Assets.xcassets */ = {isa = PBXFileReference; lastKnownFileType = folder.assetcatalog; path = Assets.xcassets; sourceTree = "<group>"; };
		93DEB8F4210EF92D00CFA398 /* Base */ = {isa = PBXFileReference; lastKnownFileType = file.storyboard; name = Base; path = Base.lproj/LaunchScreen.storyboard; sourceTree = "<group>"; };
		93DEB8F6210EF92D00CFA398 /* Info.plist */ = {isa = PBXFileReference; lastKnownFileType = text.plist.xml; path = Info.plist; sourceTree = "<group>"; };
		93DEB8F7210EF92D00CFA398 /* main.m */ = {isa = PBXFileReference; lastKnownFileType = sourcecode.c.objc; path = main.m; sourceTree = "<group>"; };
		E4CB985B017EB79A888DF87C /* Pods-HTTPDownload.debug.xcconfig */ = {isa = PBXFileReference; includeInIndex = 1; lastKnownFileType = text.xcconfig; name = "Pods-HTTPDownload.debug.xcconfig"; path = "Pods/Target Support Files/Pods-HTTPDownload/Pods-HTTPDownload.debug.xcconfig"; sourceTree = "<group>"; };
/* End PBXFileReference section */

/* Begin PBXFrameworksBuildPhase section */
		93DEB8E2210EF92900CFA398 /* Frameworks */ = {
			isa = PBXFrameworksBuildPhase;
			buildActionMask = 2147483647;
			files = (
				8E6B139EACEFC9DE4B08F941 /* libPods-HTTPDownload.a in Frameworks */,
			);
			runOnlyForDeploymentPostprocessing = 0;
		};
/* End PBXFrameworksBuildPhase section */

/* Begin PBXGroup section */
		73E40B6A857AB73784C865B4 /* Pods */ = {
			isa = PBXGroup;
			children = (
				E4CB985B017EB79A888DF87C /* Pods-HTTPDownload.debug.xcconfig */,
				06135C299DFEDA535AA45CE9 /* Pods-HTTPDownload.release.xcconfig */,
			);
			name = Pods;
			sourceTree = "<group>";
		};
		9374CEA3210F0A09004C6C9B /* UI */ = {
			isa = PBXGroup;
			children = (
				93DEB8EB210EF92900CFA398 /* ViewController.h */,
				93DEB8EC210EF92900CFA398 /* ViewController.m */,
				9374CEA4210F0F93004C6C9B /* DownloadTableViewCell.h */,
				9374CEA5210F0F93004C6C9B /* DownloadTableViewCell.m */,
				93AB26632110426000CE3D5A /* DownloadTableView.h */,
				93AB26642110426000CE3D5A /* DownloadTableView.m */,
				93AB26662110438000CE3D5A /* DownloadTableViewObject.h */,
				93AB26672110438000CE3D5A /* DownloadTableViewObject.m */,
				93AB266C2110680D00CE3D5A /* DownloadInputView.h */,
				93AB266D2110680D00CE3D5A /* DownloadInputView.m */,
				93AB2673211150B100CE3D5A /* InformationTableViewCell.h */,
				93AB2674211150B100CE3D5A /* InformationTableViewCell.m */,
			);
			path = UI;
			sourceTree = "<group>";
		};
		9374CEA7210F9B52004C6C9B /* Model */ = {
			isa = PBXGroup;
			children = (
				9374CEA8210F9E34004C6C9B /* DownloadManagerModel.h */,
				9374CEA9210F9E34004C6C9B /* DownloadManagerModel.m */,
				9374CEAB210F9F6C004C6C9B /* DownloadObjectModel.h */,
				9374CEAC210F9F6C004C6C9B /* DownloadObjectModel.m */,
				93AB2676211155A000CE3D5A /* TableViewModel.h */,
				93AB2677211155A000CE3D5A /* TableViewModel.m */,
				93AB26792111563F00CE3D5A /* CellObjectModel.h */,
				93AB267A2111563F00CE3D5A /* CellObjectModel.m */,
			);
			path = Model;
			sourceTree = "<group>";
		};
		93AB2669211059F800CE3D5A /* Default */ = {
			isa = PBXGroup;
			children = (
				93DEB8E8210EF92900CFA398 /* AppDelegate.h */,
				93DEB8E9210EF92900CFA398 /* AppDelegate.m */,
				93DEB8F1210EF92D00CFA398 /* Assets.xcassets */,
				93DEB8F3210EF92D00CFA398 /* LaunchScreen.storyboard */,
				93DEB8F7210EF92D00CFA398 /* main.m */,
				93AB26712110D69800CE3D5A /* Main.storyboard */,
			);
			path = Default;
			sourceTree = "<group>";
		};
		93DEB8DC210EF92900CFA398 = {
			isa = PBXGroup;
			children = (
				93DEB8E7210EF92900CFA398 /* HTTPDownload */,
				93DEB8E6210EF92900CFA398 /* Products */,
				73E40B6A857AB73784C865B4 /* Pods */,
				C56555EA007B32F01A98F598 /* Frameworks */,
			);
			sourceTree = "<group>";
		};
		93DEB8E6210EF92900CFA398 /* Products */ = {
			isa = PBXGroup;
			children = (
				93DEB8E5210EF92900CFA398 /* HTTPDownload.app */,
			);
			name = Products;
			sourceTree = "<group>";
		};
		93DEB8E7210EF92900CFA398 /* HTTPDownload */ = {
			isa = PBXGroup;
			children = (
				93DEB8F6210EF92D00CFA398 /* Info.plist */,
				93AB2669211059F800CE3D5A /* Default */,
				9374CEA7210F9B52004C6C9B /* Model */,
				9374CEA3210F0A09004C6C9B /* UI */,
			);
			path = HTTPDownload;
			sourceTree = "<group>";
		};
		C56555EA007B32F01A98F598 /* Frameworks */ = {
			isa = PBXGroup;
			children = (
				02B5CC1ECB17262C5892B324 /* libPods-HTTPDownload.a */,
			);
			name = Frameworks;
			sourceTree = "<group>";
		};
/* End PBXGroup section */

/* Begin PBXNativeTarget section */
		93DEB8E4210EF92900CFA398 /* HTTPDownload */ = {
			isa = PBXNativeTarget;
			buildConfigurationList = 93DEB8FB210EF92D00CFA398 /* Build configuration list for PBXNativeTarget "HTTPDownload" */;
			buildPhases = (
				FB0E57F7DC603D06A50E6A35 /* [CP] Check Pods Manifest.lock */,
				93DEB8E1210EF92900CFA398 /* Sources */,
				93DEB8E2210EF92900CFA398 /* Frameworks */,
				93DEB8E3210EF92900CFA398 /* Resources */,
			);
			buildRules = (
			);
			dependencies = (
			);
			name = HTTPDownload;
			productName = HTTPDownload;
			productReference = 93DEB8E5210EF92900CFA398 /* HTTPDownload.app */;
			productType = "com.apple.product-type.application";
		};
/* End PBXNativeTarget section */

/* Begin PBXProject section */
		93DEB8DD210EF92900CFA398 /* Project object */ = {
			isa = PBXProject;
			attributes = {
				LastUpgradeCheck = 0940;
				ORGANIZATIONNAME = CPU11367;
				TargetAttributes = {
					93DEB8E4210EF92900CFA398 = {
						CreatedOnToolsVersion = 9.4.1;
					};
				};
			};
			buildConfigurationList = 93DEB8E0210EF92900CFA398 /* Build configuration list for PBXProject "HTTPDownload" */;
			compatibilityVersion = "Xcode 9.3";
			developmentRegion = en;
			hasScannedForEncodings = 0;
			knownRegions = (
				en,
				Base,
			);
			mainGroup = 93DEB8DC210EF92900CFA398;
			productRefGroup = 93DEB8E6210EF92900CFA398 /* Products */;
			projectDirPath = "";
			projectRoot = "";
			targets = (
				93DEB8E4210EF92900CFA398 /* HTTPDownload */,
			);
		};
/* End PBXProject section */

/* Begin PBXResourcesBuildPhase section */
		93DEB8E3210EF92900CFA398 /* Resources */ = {
			isa = PBXResourcesBuildPhase;
			buildActionMask = 2147483647;
			files = (
				93DEB8F5210EF92D00CFA398 /* LaunchScreen.storyboard in Resources */,
				93AB26722110D69800CE3D5A /* Main.storyboard in Resources */,
				93DEB8F2210EF92D00CFA398 /* Assets.xcassets in Resources */,
			);
			runOnlyForDeploymentPostprocessing = 0;
		};
/* End PBXResourcesBuildPhase section */

/* Begin PBXShellScriptBuildPhase section */
		FB0E57F7DC603D06A50E6A35 /* [CP] Check Pods Manifest.lock */ = {
			isa = PBXShellScriptBuildPhase;
			buildActionMask = 2147483647;
			files = (
			);
			inputPaths = (
				"${PODS_PODFILE_DIR_PATH}/Podfile.lock",
				"${PODS_ROOT}/Manifest.lock",
			);
			name = "[CP] Check Pods Manifest.lock";
			outputPaths = (
				"$(DERIVED_FILE_DIR)/Pods-HTTPDownload-checkManifestLockResult.txt",
			);
			runOnlyForDeploymentPostprocessing = 0;
			shellPath = /bin/sh;
			shellScript = "diff \"${PODS_PODFILE_DIR_PATH}/Podfile.lock\" \"${PODS_ROOT}/Manifest.lock\" > /dev/null\nif [ $? != 0 ] ; then\n    # print error to STDERR\n    echo \"error: The sandbox is not in sync with the Podfile.lock. Run 'pod install' or update your CocoaPods installation.\" >&2\n    exit 1\nfi\n# This output is used by Xcode 'outputs' to avoid re-running this script phase.\necho \"SUCCESS\" > \"${SCRIPT_OUTPUT_FILE_0}\"\n";
			showEnvVarsInLog = 0;
		};
/* End PBXShellScriptBuildPhase section */

/* Begin PBXSourcesBuildPhase section */
		93DEB8E1210EF92900CFA398 /* Sources */ = {
			isa = PBXSourcesBuildPhase;
			buildActionMask = 2147483647;
			files = (
				9374CEAA210F9E34004C6C9B /* DownloadManagerModel.m in Sources */,
				93DEB8ED210EF92900CFA398 /* ViewController.m in Sources */,
				93AB266E2110680D00CE3D5A /* DownloadInputView.m in Sources */,
				93AB26652110426000CE3D5A /* DownloadTableView.m in Sources */,
				93AB2678211155A000CE3D5A /* TableViewModel.m in Sources */,
				93AB2675211150B100CE3D5A /* InformationTableViewCell.m in Sources */,
				9374CEA6210F0F93004C6C9B /* DownloadTableViewCell.m in Sources */,
				93DEB8F8210EF92D00CFA398 /* main.m in Sources */,
				93AB267B2111563F00CE3D5A /* CellObjectModel.m in Sources */,
				9374CEAD210F9F6C004C6C9B /* DownloadObjectModel.m in Sources */,
				93AB26682110438000CE3D5A /* DownloadTableViewObject.m in Sources */,
				93DEB8EA210EF92900CFA398 /* AppDelegate.m in Sources */,
			);
			runOnlyForDeploymentPostprocessing = 0;
		};
/* End PBXSourcesBuildPhase section */

/* Begin PBXVariantGroup section */
		93DEB8F3210EF92D00CFA398 /* LaunchScreen.storyboard */ = {
			isa = PBXVariantGroup;
			children = (
				93DEB8F4210EF92D00CFA398 /* Base */,
			);
			name = LaunchScreen.storyboard;
			sourceTree = "<group>";
		};
/* End PBXVariantGroup section */

/* Begin XCBuildConfiguration section */
		93DEB8F9210EF92D00CFA398 /* Debug */ = {
			isa = XCBuildConfiguration;
			buildSettings = {
				ALWAYS_SEARCH_USER_PATHS = NO;
				CLANG_ANALYZER_NONNULL = YES;
				CLANG_ANALYZER_NUMBER_OBJECT_CONVERSION = YES_AGGRESSIVE;
				CLANG_CXX_LANGUAGE_STANDARD = "gnu++14";
				CLANG_CXX_LIBRARY = "libc++";
				CLANG_ENABLE_MODULES = YES;
				CLANG_ENABLE_OBJC_ARC = YES;
				CLANG_ENABLE_OBJC_WEAK = YES;
				CLANG_WARN_BLOCK_CAPTURE_AUTORELEASING = YES;
				CLANG_WARN_BOOL_CONVERSION = YES;
				CLANG_WARN_COMMA = YES;
				CLANG_WARN_CONSTANT_CONVERSION = YES;
				CLANG_WARN_DEPRECATED_OBJC_IMPLEMENTATIONS = YES;
				CLANG_WARN_DIRECT_OBJC_ISA_USAGE = YES_ERROR;
				CLANG_WARN_DOCUMENTATION_COMMENTS = YES;
				CLANG_WARN_EMPTY_BODY = YES;
				CLANG_WARN_ENUM_CONVERSION = YES;
				CLANG_WARN_INFINITE_RECURSION = YES;
				CLANG_WARN_INT_CONVERSION = YES;
				CLANG_WARN_NON_LITERAL_NULL_CONVERSION = YES;
				CLANG_WARN_OBJC_IMPLICIT_RETAIN_SELF = YES;
				CLANG_WARN_OBJC_LITERAL_CONVERSION = YES;
				CLANG_WARN_OBJC_ROOT_CLASS = YES_ERROR;
				CLANG_WARN_RANGE_LOOP_ANALYSIS = YES;
				CLANG_WARN_STRICT_PROTOTYPES = YES;
				CLANG_WARN_SUSPICIOUS_MOVE = YES;
				CLANG_WARN_UNGUARDED_AVAILABILITY = YES_AGGRESSIVE;
				CLANG_WARN_UNREACHABLE_CODE = YES;
				CLANG_WARN__DUPLICATE_METHOD_MATCH = YES;
				CODE_SIGN_IDENTITY = "iPhone Developer";
				COPY_PHASE_STRIP = NO;
				DEBUG_INFORMATION_FORMAT = dwarf;
				ENABLE_STRICT_OBJC_MSGSEND = YES;
				ENABLE_TESTABILITY = YES;
				GCC_C_LANGUAGE_STANDARD = gnu11;
				GCC_DYNAMIC_NO_PIC = NO;
				GCC_NO_COMMON_BLOCKS = YES;
				GCC_OPTIMIZATION_LEVEL = 0;
				GCC_PREPROCESSOR_DEFINITIONS = (
					"DEBUG=1",
					"$(inherited)",
				);
				GCC_WARN_64_TO_32_BIT_CONVERSION = YES;
				GCC_WARN_ABOUT_RETURN_TYPE = YES_ERROR;
				GCC_WARN_UNDECLARED_SELECTOR = YES;
				GCC_WARN_UNINITIALIZED_AUTOS = YES_AGGRESSIVE;
				GCC_WARN_UNUSED_FUNCTION = YES;
				GCC_WARN_UNUSED_VARIABLE = YES;
				IPHONEOS_DEPLOYMENT_TARGET = 11.4;
				MTL_ENABLE_DEBUG_INFO = YES;
				ONLY_ACTIVE_ARCH = YES;
				SDKROOT = iphoneos;
			};
			name = Debug;
		};
		93DEB8FA210EF92D00CFA398 /* Release */ = {
			isa = XCBuildConfiguration;
			buildSettings = {
				ALWAYS_SEARCH_USER_PATHS = NO;
				CLANG_ANALYZER_NONNULL = YES;
				CLANG_ANALYZER_NUMBER_OBJECT_CONVERSION = YES_AGGRESSIVE;
				CLANG_CXX_LANGUAGE_STANDARD = "gnu++14";
				CLANG_CXX_LIBRARY = "libc++";
				CLANG_ENABLE_MODULES = YES;
				CLANG_ENABLE_OBJC_ARC = YES;
				CLANG_ENABLE_OBJC_WEAK = YES;
				CLANG_WARN_BLOCK_CAPTURE_AUTORELEASING = YES;
				CLANG_WARN_BOOL_CONVERSION = YES;
				CLANG_WARN_COMMA = YES;
				CLANG_WARN_CONSTANT_CONVERSION = YES;
				CLANG_WARN_DEPRECATED_OBJC_IMPLEMENTATIONS = YES;
				CLANG_WARN_DIRECT_OBJC_ISA_USAGE = YES_ERROR;
				CLANG_WARN_DOCUMENTATION_COMMENTS = YES;
				CLANG_WARN_EMPTY_BODY = YES;
				CLANG_WARN_ENUM_CONVERSION = YES;
				CLANG_WARN_INFINITE_RECURSION = YES;
				CLANG_WARN_INT_CONVERSION = YES;
				CLANG_WARN_NON_LITERAL_NULL_CONVERSION = YES;
				CLANG_WARN_OBJC_IMPLICIT_RETAIN_SELF = YES;
				CLANG_WARN_OBJC_LITERAL_CONVERSION = YES;
				CLANG_WARN_OBJC_ROOT_CLASS = YES_ERROR;
				CLANG_WARN_RANGE_LOOP_ANALYSIS = YES;
				CLANG_WARN_STRICT_PROTOTYPES = YES;
				CLANG_WARN_SUSPICIOUS_MOVE = YES;
				CLANG_WARN_UNGUARDED_AVAILABILITY = YES_AGGRESSIVE;
				CLANG_WARN_UNREACHABLE_CODE = YES;
				CLANG_WARN__DUPLICATE_METHOD_MATCH = YES;
				CODE_SIGN_IDENTITY = "iPhone Developer";
				COPY_PHASE_STRIP = NO;
				DEBUG_INFORMATION_FORMAT = "dwarf-with-dsym";
				ENABLE_NS_ASSERTIONS = NO;
				ENABLE_STRICT_OBJC_MSGSEND = YES;
				GCC_C_LANGUAGE_STANDARD = gnu11;
				GCC_NO_COMMON_BLOCKS = YES;
				GCC_WARN_64_TO_32_BIT_CONVERSION = YES;
				GCC_WARN_ABOUT_RETURN_TYPE = YES_ERROR;
				GCC_WARN_UNDECLARED_SELECTOR = YES;
				GCC_WARN_UNINITIALIZED_AUTOS = YES_AGGRESSIVE;
				GCC_WARN_UNUSED_FUNCTION = YES;
				GCC_WARN_UNUSED_VARIABLE = YES;
				IPHONEOS_DEPLOYMENT_TARGET = 11.4;
				MTL_ENABLE_DEBUG_INFO = NO;
				SDKROOT = iphoneos;
				VALIDATE_PRODUCT = YES;
			};
			name = Release;
		};
		93DEB8FC210EF92D00CFA398 /* Debug */ = {
			isa = XCBuildConfiguration;
			baseConfigurationReference = E4CB985B017EB79A888DF87C /* Pods-HTTPDownload.debug.xcconfig */;
			buildSettings = {
				ASSETCATALOG_COMPILER_APPICON_NAME = AppIcon;
				CODE_SIGN_STYLE = Automatic;
				DEVELOPMENT_TEAM = Q2J8JLH69D;
				INFOPLIST_FILE = HTTPDownload/Info.plist;
				IPHONEOS_DEPLOYMENT_TARGET = 11.4;
				LD_RUNPATH_SEARCH_PATHS = (
					"$(inherited)",
					"@executable_path/Frameworks",
				);
				PRODUCT_BUNDLE_IDENTIFIER = com.loctp2.HTTPDownload;
				PRODUCT_NAME = "$(TARGET_NAME)";
				TARGETED_DEVICE_FAMILY = "1,2";
			};
			name = Debug;
		};
		93DEB8FD210EF92D00CFA398 /* Release */ = {
			isa = XCBuildConfiguration;
			baseConfigurationReference = 06135C299DFEDA535AA45CE9 /* Pods-HTTPDownload.release.xcconfig */;
			buildSettings = {
				ASSETCATALOG_COMPILER_APPICON_NAME = AppIcon;
				CODE_SIGN_STYLE = Automatic;
				DEVELOPMENT_TEAM = Q2J8JLH69D;
				INFOPLIST_FILE = HTTPDownload/Info.plist;
				IPHONEOS_DEPLOYMENT_TARGET = 11.4;
				LD_RUNPATH_SEARCH_PATHS = (
					"$(inherited)",
					"@executable_path/Frameworks",
				);
				PRODUCT_BUNDLE_IDENTIFIER = com.loctp2.HTTPDownload;
				PRODUCT_NAME = "$(TARGET_NAME)";
				TARGETED_DEVICE_FAMILY = "1,2";
			};
			name = Release;
		};
/* End XCBuildConfiguration section */

/* Begin XCConfigurationList section */
		93DEB8E0210EF92900CFA398 /* Build configuration list for PBXProject "HTTPDownload" */ = {
			isa = XCConfigurationList;
			buildConfigurations = (
				93DEB8F9210EF92D00CFA398 /* Debug */,
				93DEB8FA210EF92D00CFA398 /* Release */,
			);
			defaultConfigurationIsVisible = 0;
			defaultConfigurationName = Release;
		};
		93DEB8FB210EF92D00CFA398 /* Build configuration list for PBXNativeTarget "HTTPDownload" */ = {
			isa = XCConfigurationList;
			buildConfigurations = (
				93DEB8FC210EF92D00CFA398 /* Debug */,
				93DEB8FD210EF92D00CFA398 /* Release */,
			);
			defaultConfigurationIsVisible = 0;
			defaultConfigurationName = Release;
		};
/* End XCConfigurationList section */
	};
	rootObject = 93DEB8DD210EF92900CFA398 /* Project object */;
}
